// !$*UTF8*$!
{
	archiveVersion = 1;
	classes = {
	};
	objectVersion = 46;
	objects = {

/* Begin PBXBuildFile section */
		4ED3003D1BA2B92A000A963C /* main.m in Sources */ = {isa = PBXBuildFile; fileRef = 4ED3003C1BA2B92A000A963C /* main.m */; };
		4ED300401BA2B92A000A963C /* AppDelegate.m in Sources */ = {isa = PBXBuildFile; fileRef = 4ED3003F1BA2B92A000A963C /* AppDelegate.m */; };
		4ED300431BA2B92A000A963C /* ViewController.m in Sources */ = {isa = PBXBuildFile; fileRef = 4ED300421BA2B92A000A963C /* ViewController.m */; };
		4ED300461BA2B92A000A963C /* Main.storyboard in Resources */ = {isa = PBXBuildFile; fileRef = 4ED300441BA2B92A000A963C /* Main.storyboard */; };
		4ED300481BA2B92A000A963C /* Images.xcassets in Resources */ = {isa = PBXBuildFile; fileRef = 4ED300471BA2B92A000A963C /* Images.xcassets */; };
		4ED3004B1BA2B92A000A963C /* LaunchScreen.xib in Resources */ = {isa = PBXBuildFile; fileRef = 4ED300491BA2B92A000A963C /* LaunchScreen.xib */; };
		4ED300571BA2B92A000A963C /* Socket_________TCP_Tests.m in Sources */ = {isa = PBXBuildFile; fileRef = 4ED300561BA2B92A000A963C /* Socket_________TCP_Tests.m */; };
		4ED3006B1BA2B957000A963C /* GCDAsyncSocket.m in Sources */ = {isa = PBXBuildFile; fileRef = 4ED300631BA2B957000A963C /* GCDAsyncSocket.m */; };
		4ED3006C1BA2B957000A963C /* GCDAsyncUdpSocket.m in Sources */ = {isa = PBXBuildFile; fileRef = 4ED300651BA2B957000A963C /* GCDAsyncUdpSocket.m */; };
		4ED3006D1BA2B957000A963C /* AsyncSocket.m in Sources */ = {isa = PBXBuildFile; fileRef = 4ED300681BA2B957000A963C /* AsyncSocket.m */; };
		4ED3006E1BA2B957000A963C /* AsyncUdpSocket.m in Sources */ = {isa = PBXBuildFile; fileRef = 4ED3006A1BA2B957000A963C /* AsyncUdpSocket.m */; };
/* End PBXBuildFile section */

/* Begin PBXContainerItemProxy section */
		4ED300511BA2B92A000A963C /* PBXContainerItemProxy */ = {
			isa = PBXContainerItemProxy;
			containerPortal = 4ED3002F1BA2B929000A963C /* Project object */;
			proxyType = 1;
			remoteGlobalIDString = 4ED300361BA2B92A000A963C;
			remoteInfo = "Socket实现简单聊谈功能(TCP)";
		};
/* End PBXContainerItemProxy section */

/* Begin PBXFileReference section */
		4ED300371BA2B92A000A963C /* Socket实现简单聊谈功能(TCP).app */ = {isa = PBXFileReference; explicitFileType = wrapper.application; includeInIndex = 0; path = "Socket实现简单聊谈功能(TCP).app"; sourceTree = BUILT_PRODUCTS_DIR; };
		4ED3003B1BA2B92A000A963C /* Info.plist */ = {isa = PBXFileReference; lastKnownFileType = text.plist.xml; path = Info.plist; sourceTree = "<group>"; };
		4ED3003C1BA2B92A000A963C /* main.m */ = {isa = PBXFileReference; lastKnownFileType = sourcecode.c.objc; path = main.m; sourceTree = "<group>"; };
		4ED3003E1BA2B92A000A963C /* AppDelegate.h */ = {isa = PBXFileReference; lastKnownFileType = sourcecode.c.h; path = AppDelegate.h; sourceTree = "<group>"; };
		4ED3003F1BA2B92A000A963C /* AppDelegate.m */ = {isa = PBXFileReference; lastKnownFileType = sourcecode.c.objc; path = AppDelegate.m; sourceTree = "<group>"; };
		4ED300411BA2B92A000A963C /* ViewController.h */ = {isa = PBXFileReference; lastKnownFileType = sourcecode.c.h; path = ViewController.h; sourceTree = "<group>"; };
		4ED300421BA2B92A000A963C /* ViewController.m */ = {isa = PBXFileReference; lastKnownFileType = sourcecode.c.objc; path = ViewController.m; sourceTree = "<group>"; };
		4ED300451BA2B92A000A963C /* Base */ = {isa = PBXFileReference; lastKnownFileType = file.storyboard; name = Base; path = Base.lproj/Main.storyboard; sourceTree = "<group>"; };
		4ED300471BA2B92A000A963C /* Images.xcassets */ = {isa = PBXFileReference; lastKnownFileType = folder.assetcatalog; path = Images.xcassets; sourceTree = "<group>"; };
		4ED3004A1BA2B92A000A963C /* Base */ = {isa = PBXFileReference; lastKnownFileType = file.xib; name = Base; path = Base.lproj/LaunchScreen.xib; sourceTree = "<group>"; };
		4ED300501BA2B92A000A963C /* Socket实现简单聊谈功能(TCP)Tests.xctest */ = {isa = PBXFileReference; explicitFileType = wrapper.cfbundle; includeInIndex = 0; path = "Socket实现简单聊谈功能(TCP)Tests.xctest"; sourceTree = BUILT_PRODUCTS_DIR; };
		4ED300551BA2B92A000A963C /* Info.plist */ = {isa = PBXFileReference; lastKnownFileType = text.plist.xml; path = Info.plist; sourceTree = "<group>"; };
		4ED300561BA2B92A000A963C /* Socket_________TCP_Tests.m */ = {isa = PBXFileReference; lastKnownFileType = sourcecode.c.objc; path = "Socket_________TCP_Tests.m"; sourceTree = "<group>"; };
		4ED300621BA2B957000A963C /* GCDAsyncSocket.h */ = {isa = PBXFileReference; fileEncoding = 4; lastKnownFileType = sourcecode.c.h; path = GCDAsyncSocket.h; sourceTree = "<group>"; };
		4ED300631BA2B957000A963C /* GCDAsyncSocket.m */ = {isa = PBXFileReference; fileEncoding = 4; lastKnownFileType = sourcecode.c.objc; path = GCDAsyncSocket.m; sourceTree = "<group>"; };
		4ED300641BA2B957000A963C /* GCDAsyncUdpSocket.h */ = {isa = PBXFileReference; fileEncoding = 4; lastKnownFileType = sourcecode.c.h; path = GCDAsyncUdpSocket.h; sourceTree = "<group>"; };
		4ED300651BA2B957000A963C /* GCDAsyncUdpSocket.m */ = {isa = PBXFileReference; fileEncoding = 4; lastKnownFileType = sourcecode.c.objc; path = GCDAsyncUdpSocket.m; sourceTree = "<group>"; };
		4ED300671BA2B957000A963C /* AsyncSocket.h */ = {isa = PBXFileReference; fileEncoding = 4; lastKnownFileType = sourcecode.c.h; path = AsyncSocket.h; sourceTree = "<group>"; };
		4ED300681BA2B957000A963C /* AsyncSocket.m */ = {isa = PBXFileReference; fileEncoding = 4; lastKnownFileType = sourcecode.c.objc; path = AsyncSocket.m; sourceTree = "<group>"; };
		4ED300691BA2B957000A963C /* AsyncUdpSocket.h */ = {isa = PBXFileReference; fileEncoding = 4; lastKnownFileType = sourcecode.c.h; path = AsyncUdpSocket.h; sourceTree = "<group>"; };
		4ED3006A1BA2B957000A963C /* AsyncUdpSocket.m */ = {isa = PBXFileReference; fileEncoding = 4; lastKnownFileType = sourcecode.c.objc; path = AsyncUdpSocket.m; sourceTree = "<group>"; };
/* End PBXFileReference section */

/* Begin PBXFrameworksBuildPhase section */
		4ED300341BA2B92A000A963C /* Frameworks */ = {
			isa = PBXFrameworksBuildPhase;
			buildActionMask = 2147483647;
			files = (
			);
			runOnlyForDeploymentPostprocessing = 0;
		};
		4ED3004D1BA2B92A000A963C /* Frameworks */ = {
			isa = PBXFrameworksBuildPhase;
			buildActionMask = 2147483647;
			files = (
			);
			runOnlyForDeploymentPostprocessing = 0;
		};
/* End PBXFrameworksBuildPhase section */

/* Begin PBXGroup section */
		4ED3002E1BA2B929000A963C = {
			isa = PBXGroup;
			children = (
				4ED300391BA2B92A000A963C /* Socket实现简单聊谈功能(TCP) */,
				4ED300531BA2B92A000A963C /* Socket实现简单聊谈功能(TCP)Tests */,
				4ED300381BA2B92A000A963C /* Products */,
			);
			sourceTree = "<group>";
		};
		4ED300381BA2B92A000A963C /* Products */ = {
			isa = PBXGroup;
			children = (
				4ED300371BA2B92A000A963C /* Socket实现简单聊谈功能(TCP).app */,
				4ED300501BA2B92A000A963C /* Socket实现简单聊谈功能(TCP)Tests.xctest */,
			);
			name = Products;
			sourceTree = "<group>";
		};
		4ED300391BA2B92A000A963C /* Socket实现简单聊谈功能(TCP) */ = {
			isa = PBXGroup;
			children = (
				4ED300601BA2B957000A963C /* AsyncSocket */,
				4ED3003E1BA2B92A000A963C /* AppDelegate.h */,
				4ED3003F1BA2B92A000A963C /* AppDelegate.m */,
				4ED300411BA2B92A000A963C /* ViewController.h */,
				4ED300421BA2B92A000A963C /* ViewController.m */,
				4ED300441BA2B92A000A963C /* Main.storyboard */,
				4ED300471BA2B92A000A963C /* Images.xcassets */,
				4ED300491BA2B92A000A963C /* LaunchScreen.xib */,
				4ED3003A1BA2B92A000A963C /* Supporting Files */,
			);
			path = "Socket实现简单聊谈功能(TCP)";
			sourceTree = "<group>";
		};
		4ED3003A1BA2B92A000A963C /* Supporting Files */ = {
			isa = PBXGroup;
			children = (
				4ED3003B1BA2B92A000A963C /* Info.plist */,
				4ED3003C1BA2B92A000A963C /* main.m */,
			);
			name = "Supporting Files";
			sourceTree = "<group>";
		};
		4ED300531BA2B92A000A963C /* Socket实现简单聊谈功能(TCP)Tests */ = {
			isa = PBXGroup;
			children = (
				4ED300561BA2B92A000A963C /* Socket_________TCP_Tests.m */,
				4ED300541BA2B92A000A963C /* Supporting Files */,
			);
			path = "Socket实现简单聊谈功能(TCP)Tests";
			sourceTree = "<group>";
		};
		4ED300541BA2B92A000A963C /* Supporting Files */ = {
			isa = PBXGroup;
			children = (
				4ED300551BA2B92A000A963C /* Info.plist */,
			);
			name = "Supporting Files";
			sourceTree = "<group>";
		};
		4ED300601BA2B957000A963C /* AsyncSocket */ = {
			isa = PBXGroup;
			children = (
				4ED300611BA2B957000A963C /* GCD */,
				4ED300661BA2B957000A963C /* RunLoop */,
			);
			path = AsyncSocket;
			sourceTree = "<group>";
		};
		4ED300611BA2B957000A963C /* GCD */ = {
			isa = PBXGroup;
			children = (
				4ED300621BA2B957000A963C /* GCDAsyncSocket.h */,
				4ED300631BA2B957000A963C /* GCDAsyncSocket.m */,
				4ED300641BA2B957000A963C /* GCDAsyncUdpSocket.h */,
				4ED300651BA2B957000A963C /* GCDAsyncUdpSocket.m */,
			);
			path = GCD;
			sourceTree = "<group>";
		};
		4ED300661BA2B957000A963C /* RunLoop */ = {
			isa = PBXGroup;
			children = (
				4ED300671BA2B957000A963C /* AsyncSocket.h */,
				4ED300681BA2B957000A963C /* AsyncSocket.m */,
				4ED300691BA2B957000A963C /* AsyncUdpSocket.h */,
				4ED3006A1BA2B957000A963C /* AsyncUdpSocket.m */,
			);
			path = RunLoop;
			sourceTree = "<group>";
		};
/* End PBXGroup section */

/* Begin PBXNativeTarget section */
		4ED300361BA2B92A000A963C /* Socket实现简单聊谈功能(TCP) */ = {
			isa = PBXNativeTarget;
			buildConfigurationList = 4ED3005A1BA2B92A000A963C /* Build configuration list for PBXNativeTarget "Socket实现简单聊谈功能(TCP)" */;
			buildPhases = (
				4ED300331BA2B92A000A963C /* Sources */,
				4ED300341BA2B92A000A963C /* Frameworks */,
				4ED300351BA2B92A000A963C /* Resources */,
			);
			buildRules = (
			);
			dependencies = (
			);
			name = "Socket实现简单聊谈功能(TCP)";
			productName = "Socket实现简单聊谈功能(TCP)";
			productReference = 4ED300371BA2B92A000A963C /* Socket实现简单聊谈功能(TCP).app */;
			productType = "com.apple.product-type.application";
		};
		4ED3004F1BA2B92A000A963C /* Socket实现简单聊谈功能(TCP)Tests */ = {
			isa = PBXNativeTarget;
			buildConfigurationList = 4ED3005D1BA2B92A000A963C /* Build configuration list for PBXNativeTarget "Socket实现简单聊谈功能(TCP)Tests" */;
			buildPhases = (
				4ED3004C1BA2B92A000A963C /* Sources */,
				4ED3004D1BA2B92A000A963C /* Frameworks */,
				4ED3004E1BA2B92A000A963C /* Resources */,
			);
			buildRules = (
			);
			dependencies = (
				4ED300521BA2B92A000A963C /* PBXTargetDependency */,
			);
			name = "Socket实现简单聊谈功能(TCP)Tests";
			productName = "Socket实现简单聊谈功能(TCP)Tests";
			productReference = 4ED300501BA2B92A000A963C /* Socket实现简单聊谈功能(TCP)Tests.xctest */;
			productType = "com.apple.product-type.bundle.unit-test";
		};
/* End PBXNativeTarget section */

/* Begin PBXProject section */
		4ED3002F1BA2B929000A963C /* Project object */ = {
			isa = PBXProject;
			attributes = {
				LastUpgradeCheck = 0640;
				ORGANIZATIONNAME = MS;
				TargetAttributes = {
					4ED300361BA2B92A000A963C = {
						CreatedOnToolsVersion = 6.4;
					};
					4ED3004F1BA2B92A000A963C = {
						CreatedOnToolsVersion = 6.4;
						TestTargetID = 4ED300361BA2B92A000A963C;
					};
				};
			};
			buildConfigurationList = 4ED300321BA2B929000A963C /* Build configuration list for PBXProject "Socket实现简单聊谈功能(TCP)" */;
			compatibilityVersion = "Xcode 3.2";
			developmentRegion = English;
			hasScannedForEncodings = 0;
			knownRegions = (
				en,
				Base,
			);
			mainGroup = 4ED3002E1BA2B929000A963C;
			productRefGroup = 4ED300381BA2B92A000A963C /* Products */;
			projectDirPath = "";
			projectRoot = "";
			targets = (
				4ED300361BA2B92A000A963C /* Socket实现简单聊谈功能(TCP) */,
				4ED3004F1BA2B92A000A963C /* Socket实现简单聊谈功能(TCP)Tests */,
			);
		};
/* End PBXProject section */

/* Begin PBXResourcesBuildPhase section */
		4ED300351BA2B92A000A963C /* Resources */ = {
			isa = PBXResourcesBuildPhase;
			buildActionMask = 2147483647;
			files = (
				4ED300461BA2B92A000A963C /* Main.storyboard in Resources */,
				4ED3004B1BA2B92A000A963C /* LaunchScreen.xib in Resources */,
				4ED300481BA2B92A000A963C /* Images.xcassets in Resources */,
			);
			runOnlyForDeploymentPostprocessing = 0;
		};
		4ED3004E1BA2B92A000A963C /* Resources */ = {
			isa = PBXResourcesBuildPhase;
			buildActionMask = 2147483647;
			files = (
			);
			runOnlyForDeploymentPostprocessing = 0;
		};
/* End PBXResourcesBuildPhase section */

/* Begin PBXSourcesBuildPhase section */
		4ED300331BA2B92A000A963C /* Sources */ = {
			isa = PBXSourcesBuildPhase;
			buildActionMask = 2147483647;
			files = (
				4ED3006B1BA2B957000A963C /* GCDAsyncSocket.m in Sources */,
				4ED3006C1BA2B957000A963C /* GCDAsyncUdpSocket.m in Sources */,
				4ED300431BA2B92A000A963C /* ViewController.m in Sources */,
				4ED3006D1BA2B957000A963C /* AsyncSocket.m in Sources */,
				4ED300401BA2B92A000A963C /* AppDelegate.m in Sources */,
				4ED3003D1BA2B92A000A963C /* main.m in Sources */,
				4ED3006E1BA2B957000A963C /* AsyncUdpSocket.m in Sources */,
			);
			runOnlyForDeploymentPostprocessing = 0;
		};
		4ED3004C1BA2B92A000A963C /* Sources */ = {
			isa = PBXSourcesBuildPhase;
			buildActionMask = 2147483647;
			files = (
				4ED300571BA2B92A000A963C /* Socket_________TCP_Tests.m in Sources */,
			);
			runOnlyForDeploymentPostprocessing = 0;
		};
/* End PBXSourcesBuildPhase section */

/* Begin PBXTargetDependency section */
		4ED300521BA2B92A000A963C /* PBXTargetDependency */ = {
			isa = PBXTargetDependency;
			target = 4ED300361BA2B92A000A963C /* Socket实现简单聊谈功能(TCP) */;
			targetProxy = 4ED300511BA2B92A000A963C /* PBXContainerItemProxy */;
		};
/* End PBXTargetDependency section */

/* Begin PBXVariantGroup section */
		4ED300441BA2B92A000A963C /* Main.storyboard */ = {
			isa = PBXVariantGroup;
			children = (
				4ED300451BA2B92A000A963C /* Base */,
			);
			name = Main.storyboard;
			sourceTree = "<group>";
		};
		4ED300491BA2B92A000A963C /* LaunchScreen.xib */ = {
			isa = PBXVariantGroup;
			children = (
				4ED3004A1BA2B92A000A963C /* Base */,
			);
			name = LaunchScreen.xib;
			sourceTree = "<group>";
		};
/* End PBXVariantGroup section */

/* Begin XCBuildConfiguration section */
		4ED300581BA2B92A000A963C /* Debug */ = {
			isa = XCBuildConfiguration;
			buildSettings = {
				ALWAYS_SEARCH_USER_PATHS = NO;
				CLANG_CXX_LANGUAGE_STANDARD = "gnu++0x";
				CLANG_CXX_LIBRARY = "libc++";
				CLANG_ENABLE_MODULES = YES;
				CLANG_ENABLE_OBJC_ARC = YES;
				CLANG_WARN_BOOL_CONVERSION = YES;
				CLANG_WARN_CONSTANT_CONVERSION = YES;
				CLANG_WARN_DIRECT_OBJC_ISA_USAGE = YES_ERROR;
				CLANG_WARN_EMPTY_BODY = YES;
				CLANG_WARN_ENUM_CONVERSION = YES;
				CLANG_WARN_INT_CONVERSION = YES;
				CLANG_WARN_OBJC_ROOT_CLASS = YES_ERROR;
				CLANG_WARN_UNREACHABLE_CODE = YES;
				CLANG_WARN__DUPLICATE_METHOD_MATCH = YES;
				"CODE_SIGN_IDENTITY[sdk=iphoneos*]" = "iPhone Developer";
				COPY_PHASE_STRIP = NO;
				DEBUG_INFORMATION_FORMAT = "dwarf-with-dsym";
				ENABLE_STRICT_OBJC_MSGSEND = YES;
				GCC_C_LANGUAGE_STANDARD = gnu99;
				GCC_DYNAMIC_NO_PIC = NO;
				GCC_NO_COMMON_BLOCKS = YES;
				GCC_OPTIMIZATION_LEVEL = 0;
				GCC_PREPROCESSOR_DEFINITIONS = (
					"DEBUG=1",
					"$(inherited)",
				);
				GCC_SYMBOLS_PRIVATE_EXTERN = NO;
				GCC_WARN_64_TO_32_BIT_CONVERSION = YES;
				GCC_WARN_ABOUT_RETURN_TYPE = YES_ERROR;
				GCC_WARN_UNDECLARED_SELECTOR = YES;
				GCC_WARN_UNINITIALIZED_AUTOS = YES_AGGRESSIVE;
				GCC_WARN_UNUSED_FUNCTION = YES;
				GCC_WARN_UNUSED_VARIABLE = YES;
				IPHONEOS_DEPLOYMENT_TARGET = 8.4;
				MTL_ENABLE_DEBUG_INFO = YES;
				ONLY_ACTIVE_ARCH = YES;
				SDKROOT = iphoneos;
				TARGETED_DEVICE_FAMILY = "1,2";
			};
			name = Debug;
		};
		4ED300591BA2B92A000A963C /* Release */ = {
			isa = XCBuildConfiguration;
			buildSettings = {
				ALWAYS_SEARCH_USER_PATHS = NO;
				CLANG_CXX_LANGUAGE_STANDARD = "gnu++0x";
				CLANG_CXX_LIBRARY = "libc++";
				CLANG_ENABLE_MODULES = YES;
				CLANG_ENABLE_OBJC_ARC = YES;
				CLANG_WARN_BOOL_CONVERSION = YES;
				CLANG_WARN_CONSTANT_CONVERSION = YES;
				CLANG_WARN_DIRECT_OBJC_ISA_USAGE = YES_ERROR;
				CLANG_WARN_EMPTY_BODY = YES;
				CLANG_WARN_ENUM_CONVERSION = YES;
				CLANG_WARN_INT_CONVERSION = YES;
				CLANG_WARN_OBJC_ROOT_CLASS = YES_ERROR;
				CLANG_WARN_UNREACHABLE_CODE = YES;
				CLANG_WARN__DUPLICATE_METHOD_MATCH = YES;
				"CODE_SIGN_IDENTITY[sdk=iphoneos*]" = "iPhone Developer";
				COPY_PHASE_STRIP = NO;
				DEBUG_INFORMATION_FORMAT = "dwarf-with-dsym";
				ENABLE_NS_ASSERTIONS = NO;
				ENABLE_STRICT_OBJC_MSGSEND = YES;
				GCC_C_LANGUAGE_STANDARD = gnu99;
				GCC_NO_COMMON_BLOCKS = YES;
				GCC_WARN_64_TO_32_BIT_CONVERSION = YES;
				GCC_WARN_ABOUT_RETURN_TYPE = YES_ERROR;
				GCC_WARN_UNDECLARED_SELECTOR = YES;
				GCC_WARN_UNINITIALIZED_AUTOS = YES_AGGRESSIVE;
				GCC_WARN_UNUSED_FUNCTION = YES;
				GCC_WARN_UNUSED_VARIABLE = YES;
				IPHONEOS_DEPLOYMENT_TARGET = 8.4;
				MTL_ENABLE_DEBUG_INFO = NO;
				SDKROOT = iphoneos;
				TARGETED_DEVICE_FAMILY = "1,2";
				VALIDATE_PRODUCT = YES;
			};
			name = Release;
		};
		4ED3005B1BA2B92A000A963C /* Debug */ = {
			isa = XCBuildConfiguration;
			buildSettings = {
				ASSETCATALOG_COMPILER_APPICON_NAME = AppIcon;
				INFOPLIST_FILE = "Socket实现简单聊谈功能(TCP)/Info.plist";
				LD_RUNPATH_SEARCH_PATHS = "$(inherited) @executable_path/Frameworks";
				PRODUCT_NAME = "$(TARGET_NAME)";
			};
			name = Debug;
		};
		4ED3005C1BA2B92A000A963C /* Release */ = {
			isa = XCBuildConfiguration;
			buildSettings = {
				ASSETCATALOG_COMPILER_APPICON_NAME = AppIcon;
				INFOPLIST_FILE = "Socket实现简单聊谈功能(TCP)/Info.plist";
				LD_RUNPATH_SEARCH_PATHS = "$(inherited) @executable_path/Frameworks";
				PRODUCT_NAME = "$(TARGET_NAME)";
			};
			name = Release;
		};
		4ED3005E1BA2B92A000A963C /* Debug */ = {
			isa = XCBuildConfiguration;
			buildSettings = {
				BUNDLE_LOADER = "$(TEST_HOST)";
				FRAMEWORK_SEARCH_PATHS = (
					"$(SDKROOT)/Developer/Library/Frameworks",
					"$(inherited)",
				);
				GCC_PREPROCESSOR_DEFINITIONS = (
					"DEBUG=1",
					"$(inherited)",
				);
				INFOPLIST_FILE = "Socket实现简单聊谈功能(TCP)Tests/Info.plist";
				LD_RUNPATH_SEARCH_PATHS = "$(inherited) @executable_path/Frameworks @loader_path/Frameworks";
				PRODUCT_NAME = "$(TARGET_NAME)";
				TEST_HOST = "$(BUILT_PRODUCTS_DIR)/Socket实现简单聊谈功能(TCP).app/Socket实现简单聊谈功能(TCP)";
			};
			name = Debug;
		};
		4ED3005F1BA2B92A000A963C /* Release */ = {
			isa = XCBuildConfiguration;
			buildSettings = {
				BUNDLE_LOADER = "$(TEST_HOST)";
				FRAMEWORK_SEARCH_PATHS = (
					"$(SDKROOT)/Developer/Library/Frameworks",
					"$(inherited)",
				);
				INFOPLIST_FILE = "Socket实现简单聊谈功能(TCP)Tests/Info.plist";
				LD_RUNPATH_SEARCH_PATHS = "$(inherited) @executable_path/Frameworks @loader_path/Frameworks";
				PRODUCT_NAME = "$(TARGET_NAME)";
				TEST_HOST = "$(BUILT_PRODUCTS_DIR)/Socket实现简单聊谈功能(TCP).app/Socket实现简单聊谈功能(TCP)";
			};
			name = Release;
		};
/* End XCBuildConfiguration section */

/* Begin XCConfigurationList section */
		4ED300321BA2B929000A963C /* Build configuration list for PBXProject "Socket实现简单聊谈功能(TCP)" */ = {
			isa = XCConfigurationList;
			buildConfigurations = (
				4ED300581BA2B92A000A963C /* Debug */,
				4ED300591BA2B92A000A963C /* Release */,
			);
			defaultConfigurationIsVisible = 0;
			defaultConfigurationName = Release;
		};
		4ED3005A1BA2B92A000A963C /* Build configuration list for PBXNativeTarget "Socket实现简单聊谈功能(TCP)" */ = {
			isa = XCConfigurationList;
			buildConfigurations = (
				4ED3005B1BA2B92A000A963C /* Debug */,
				4ED3005C1BA2B92A000A963C /* Release */,
			);
			defaultConfigurationIsVisible = 0;
		};
		4ED3005D1BA2B92A000A963C /* Build configuration list for PBXNativeTarget "Socket实现简单聊谈功能(TCP)Tests" */ = {
			isa = XCConfigurationList;
			buildConfigurations = (
				4ED3005E1BA2B92A000A963C /* Debug */,
				4ED3005F1BA2B92A000A963C /* Release */,
			);
			defaultConfigurationIsVisible = 0;
		};
/* End XCConfigurationList section */
	};
	rootObject = 4ED3002F1BA2B929000A963C /* Project object */;
}
